
Microsoft Visual Studio Solution File, Format Version 12.00
# Visual Studio Version 17
VisualStudioVersion = 17.5.33530.505
MinimumVisualStudioVersion = 10.0.40219.1
Project("{FAE04EC0-301F-11D3-BF4B-00C04F79EFBC}") = "k 2", "k 2\k 2.csproj", "{E18D9523-EC17-4844-BFA0-D1FE0CB4757E}"
EndProject
Global
	GlobalSection(SolutionConfigurationPlatforms) = preSolution
		Debug|Any CPU = Debug|Any CPU
		Release|Any CPU = Release|Any CPU
	EndGlobalSection
	GlobalSection(ProjectConfigurationPlatforms) = postSolution
		{E18D9523-EC17-4844-BFA0-D1FE0CB4757E}.Debug|Any CPU.ActiveCfg = Debug|Any CPU
		{E18D9523-EC17-4844-BFA0-D1FE0CB4757E}.Debug|Any CPU.Build.0 = Debug|Any CPU
		{E18D9523-EC17-4844-BFA0-D1FE0CB4757E}.Release|Any CPU.ActiveCfg = Release|Any CPU
		{E18D9523-EC17-4844-BFA0-D1FE0CB4757E}.Release|Any CPU.Build.0 = Release|Any CPU
	EndGlobalSection
	GlobalSection(SolutionProperties) = preSolution
		HideSolutionNode = FALSE
	EndGlobalSection
	GlobalSection(ExtensibilityGlobals) = postSolution
		SolutionGuid = {A998AED2-EBB3-4216-8861-86EE1F2F9163}
	EndGlobalSection
EndGlobal
